
Microsoft Visual Studio Solution File, Format Version 12.00
# Visual Studio Version 16
VisualStudioVersion = 16.0.31729.503
MinimumVisualStudioVersion = 10.0.40219.1
Project("{9A19103F-16F7-4668-BE54-9A1E7A4F7556}") = "CSVIntervalData", "CSVIntervalData.csproj", "{919070CF-EDC2-4E9B-BF8F-372D8FB7F878}"
EndProject
Project("{FAE04EC0-301F-11D3-BF4B-00C04F79EFBC}") = "CSVIntervalData.UnitTest", "..\CSVIntervalData.UnitTest\CSVIntervalData.UnitTest.csproj", "{46CC44DC-318D-46C6-A3C5-A0D4B8C1F058}"
EndProject
Global
	GlobalSection(SolutionConfigurationPlatforms) = preSolution
		Debug|Any CPU = Debug|Any CPU
		Release|Any CPU = Release|Any CPU
	EndGlobalSection
	GlobalSection(ProjectConfigurationPlatforms) = postSolution
		{919070CF-EDC2-4E9B-BF8F-372D8FB7F878}.Debug|Any CPU.ActiveCfg = Debug|Any CPU
		{919070CF-EDC2-4E9B-BF8F-372D8FB7F878}.Debug|Any CPU.Build.0 = Debug|Any CPU
		{919070CF-EDC2-4E9B-BF8F-372D8FB7F878}.Release|Any CPU.ActiveCfg = Release|Any CPU
		{919070CF-EDC2-4E9B-BF8F-372D8FB7F878}.Release|Any CPU.Build.0 = Release|Any CPU
		{46CC44DC-318D-46C6-A3C5-A0D4B8C1F058}.Debug|Any CPU.ActiveCfg = Debug|Any CPU
		{46CC44DC-318D-46C6-A3C5-A0D4B8C1F058}.Debug|Any CPU.Build.0 = Debug|Any CPU
		{46CC44DC-318D-46C6-A3C5-A0D4B8C1F058}.Release|Any CPU.ActiveCfg = Release|Any CPU
		{46CC44DC-318D-46C6-A3C5-A0D4B8C1F058}.Release|Any CPU.Build.0 = Release|Any CPU
	EndGlobalSection
	GlobalSection(SolutionProperties) = preSolution
		HideSolutionNode = FALSE
	EndGlobalSection
	GlobalSection(ExtensibilityGlobals) = postSolution
		SolutionGuid = {87986885-F653-4F51-867D-857AAFCB04F7}
	EndGlobalSection
EndGlobal
